
Microsoft Visual Studio Solution File, Format Version 12.00
# Visual Studio Version 17
VisualStudioVersion = 17.4.33110.190
MinimumVisualStudioVersion = 10.0.40219.1
Project("{F184B08F-C81C-45F6-A57F-5ABD9991F28F}") = "EDP-LazaroTTEProblem2", "EDP-LazaroTTEProblem2\EDP-LazaroTTEProblem2.vbproj", "{25BCADBC-3EE3-45B9-B63E-C462FD443C80}"
EndProject
Global
	GlobalSection(SolutionConfigurationPlatforms) = preSolution
		Debug|Any CPU = Debug|Any CPU
		Release|Any CPU = Release|Any CPU
	EndGlobalSection
	GlobalSection(ProjectConfigurationPlatforms) = postSolution
		{25BCADBC-3EE3-45B9-B63E-C462FD443C80}.Debug|Any CPU.ActiveCfg = Debug|Any CPU
		{25BCADBC-3EE3-45B9-B63E-C462FD443C80}.Debug|Any CPU.Build.0 = Debug|Any CPU
		{25BCADBC-3EE3-45B9-B63E-C462FD443C80}.Release|Any CPU.ActiveCfg = Release|Any CPU
		{25BCADBC-3EE3-45B9-B63E-C462FD443C80}.Release|Any CPU.Build.0 = Release|Any CPU
	EndGlobalSection
	GlobalSection(SolutionProperties) = preSolution
		HideSolutionNode = FALSE
	EndGlobalSection
	GlobalSection(ExtensibilityGlobals) = postSolution
		SolutionGuid = {E94C1607-CA4F-411C-8A13-34468CBF17A4}
	EndGlobalSection
EndGlobal
